
Microsoft Visual Studio Solution File, Format Version 12.00
# Visual Studio Version 17
VisualStudioVersion = 17.0.31903.59
MinimumVisualStudioVersion = 10.0.40219.1
Project("{9A19103F-16F7-4668-BE54-9A1E7A4F7556}") = "API", "API\API.csproj", "{3E87AC6C-3897-4F82-AA97-D85DB2649605}"
EndProject
Project("{9A19103F-16F7-4668-BE54-9A1E7A4F7556}") = "Application", "Application\Application.csproj", "{E51F0978-156E-46B2-81CC-B64D23AE80C1}"
EndProject
Project("{9A19103F-16F7-4668-BE54-9A1E7A4F7556}") = "Domain", "Domain\Domain.csproj", "{662D93EE-918D-46C9-B936-15D1113AD9F8}"
EndProject
Project("{9A19103F-16F7-4668-BE54-9A1E7A4F7556}") = "Persistence", "Persistence\Persistence.csproj", "{EF297410-0C7F-40A9-8729-3CC0C683A425}"
EndProject
Project("{FAE04EC0-301F-11D3-BF4B-00C04F79EFBC}") = "Infrastructure", "Infrastructure\Infrastructure.csproj", "{20B0F795-2C54-48A6-8467-8607552D0FCA}"
EndProject
Global
	GlobalSection(SolutionConfigurationPlatforms) = preSolution
		Debug|Any CPU = Debug|Any CPU
		Release|Any CPU = Release|Any CPU
	EndGlobalSection
	GlobalSection(ProjectConfigurationPlatforms) = postSolution
		{3E87AC6C-3897-4F82-AA97-D85DB2649605}.Debug|Any CPU.ActiveCfg = Debug|Any CPU
		{3E87AC6C-3897-4F82-AA97-D85DB2649605}.Debug|Any CPU.Build.0 = Debug|Any CPU
		{3E87AC6C-3897-4F82-AA97-D85DB2649605}.Release|Any CPU.ActiveCfg = Release|Any CPU
		{3E87AC6C-3897-4F82-AA97-D85DB2649605}.Release|Any CPU.Build.0 = Release|Any CPU
		{E51F0978-156E-46B2-81CC-B64D23AE80C1}.Debug|Any CPU.ActiveCfg = Debug|Any CPU
		{E51F0978-156E-46B2-81CC-B64D23AE80C1}.Debug|Any CPU.Build.0 = Debug|Any CPU
		{E51F0978-156E-46B2-81CC-B64D23AE80C1}.Release|Any CPU.ActiveCfg = Release|Any CPU
		{E51F0978-156E-46B2-81CC-B64D23AE80C1}.Release|Any CPU.Build.0 = Release|Any CPU
		{662D93EE-918D-46C9-B936-15D1113AD9F8}.Debug|Any CPU.ActiveCfg = Debug|Any CPU
		{662D93EE-918D-46C9-B936-15D1113AD9F8}.Debug|Any CPU.Build.0 = Debug|Any CPU
		{662D93EE-918D-46C9-B936-15D1113AD9F8}.Release|Any CPU.ActiveCfg = Release|Any CPU
		{662D93EE-918D-46C9-B936-15D1113AD9F8}.Release|Any CPU.Build.0 = Release|Any CPU
		{EF297410-0C7F-40A9-8729-3CC0C683A425}.Debug|Any CPU.ActiveCfg = Debug|Any CPU
		{EF297410-0C7F-40A9-8729-3CC0C683A425}.Debug|Any CPU.Build.0 = Debug|Any CPU
		{EF297410-0C7F-40A9-8729-3CC0C683A425}.Release|Any CPU.ActiveCfg = Release|Any CPU
		{EF297410-0C7F-40A9-8729-3CC0C683A425}.Release|Any CPU.Build.0 = Release|Any CPU
		{20B0F795-2C54-48A6-8467-8607552D0FCA}.Debug|Any CPU.ActiveCfg = Debug|Any CPU
		{20B0F795-2C54-48A6-8467-8607552D0FCA}.Debug|Any CPU.Build.0 = Debug|Any CPU
		{20B0F795-2C54-48A6-8467-8607552D0FCA}.Release|Any CPU.ActiveCfg = Release|Any CPU
		{20B0F795-2C54-48A6-8467-8607552D0FCA}.Release|Any CPU.Build.0 = Release|Any CPU
	EndGlobalSection
	GlobalSection(SolutionProperties) = preSolution
		HideSolutionNode = FALSE
	EndGlobalSection
EndGlobal
